{
  "name": "codenation-theme",
  "version": "1.0.0",
  "lockfileVersion": 1,
  "requires": true,
  "dependencies": {
    "@portinari/style": {
      "version": "1.27.1",
      "resolved": "https://registry.npmjs.org/@portinari/style/-/style-1.27.1.tgz",
      "integrity": "sha512-U1OAp5fIZW6Kq+OI6K0oEr3EnPHBkszrn5eRiRSQ2FhDrHZRyglpLJfIUUZ/U6RI10xKZHSBj/VxzIPwusi0YA==",
      "dev": true
    }
  }
}
